
Microsoft Visual Studio Solution File, Format Version 12.00
# Visual Studio Version 17
VisualStudioVersion = 17.5.33502.453
MinimumVisualStudioVersion = 10.0.40219.1
Project("{FAE04EC0-301F-11D3-BF4B-00C04F79EFBC}") = "Programmieren2Praktikum2", "Programmieren2Praktikum2.csproj", "{D9ADF26B-2A3E-45BF-BAE3-248430B6A44B}"
EndProject
Global
	GlobalSection(SolutionConfigurationPlatforms) = preSolution
		Debug|Any CPU = Debug|Any CPU
		Release|Any CPU = Release|Any CPU
	EndGlobalSection
	GlobalSection(ProjectConfigurationPlatforms) = postSolution
		{D9ADF26B-2A3E-45BF-BAE3-248430B6A44B}.Debug|Any CPU.ActiveCfg = Debug|Any CPU
		{D9ADF26B-2A3E-45BF-BAE3-248430B6A44B}.Debug|Any CPU.Build.0 = Debug|Any CPU
		{D9ADF26B-2A3E-45BF-BAE3-248430B6A44B}.Release|Any CPU.ActiveCfg = Release|Any CPU
		{D9ADF26B-2A3E-45BF-BAE3-248430B6A44B}.Release|Any CPU.Build.0 = Release|Any CPU
	EndGlobalSection
	GlobalSection(SolutionProperties) = preSolution
		HideSolutionNode = FALSE
	EndGlobalSection
	GlobalSection(ExtensibilityGlobals) = postSolution
		SolutionGuid = {27660487-EDBA-4C7B-9CC6-202E6C638CD3}
	EndGlobalSection
EndGlobal
